
Microsoft Visual Studio Solution File, Format Version 12.00
# Visual Studio 2013
VisualStudioVersion = 12.0.21005.1
MinimumVisualStudioVersion = 10.0.40219.1
Project("{2150E333-8FDC-42A3-9474-1A3956D46DE8}") = "Creation", "Creation", "{EFD56203-7F3B-4CD9-9CAD-C152D540A324}"
EndProject
Project("{2150E333-8FDC-42A3-9474-1A3956D46DE8}") = "Abstract.Factory", "Abstract.Factory", "{440A1D08-0CD8-4E0C-A1C0-F343A33DDCC6}"
EndProject
Project("{FAE04EC0-301F-11D3-BF4B-00C04F79EFBC}") = "Abstract.Factory.Sample", "Sample\Abstract.Factory.Sample.csproj", "{5414C5AF-3677-4979-B4F6-50002C2199DD}"
EndProject
Project("{FAE04EC0-301F-11D3-BF4B-00C04F79EFBC}") = "Abstract.Factory.RealWorld", "RealWorld\Abstract.Factory.RealWorld.csproj", "{DE39635E-4112-4DAE-8AC6-5BE61B1F772C}"
EndProject
Project("{FAE04EC0-301F-11D3-BF4B-00C04F79EFBC}") = "BuilderPattern", "BuilderPattern\BuilderPattern.csproj", "{57E8F33F-2164-465B-88EC-AEB014563F55}"
EndProject
Project("{FAE04EC0-301F-11D3-BF4B-00C04F79EFBC}") = "FactoryMethod", "FactoryMethod\FactoryMethod.csproj", "{23939D0B-C60E-456E-847D-D274A968AAC6}"
EndProject
Project("{2150E333-8FDC-42A3-9474-1A3956D46DE8}") = "Structural", "Structural", "{F516DB7F-A2E6-4C99-A14B-934710239A0E}"
EndProject
Project("{FAE04EC0-301F-11D3-BF4B-00C04F79EFBC}") = "AdapterPattern", "AdapterPattern\AdapterPattern.csproj", "{1DF40EE2-7403-4C9F-976D-0A649FCA5278}"
EndProject
Global
	GlobalSection(SolutionConfigurationPlatforms) = preSolution
		Debug|Any CPU = Debug|Any CPU
		Release|Any CPU = Release|Any CPU
	EndGlobalSection
	GlobalSection(ProjectConfigurationPlatforms) = postSolution
		{5414C5AF-3677-4979-B4F6-50002C2199DD}.Debug|Any CPU.ActiveCfg = Debug|Any CPU
		{5414C5AF-3677-4979-B4F6-50002C2199DD}.Debug|Any CPU.Build.0 = Debug|Any CPU
		{5414C5AF-3677-4979-B4F6-50002C2199DD}.Release|Any CPU.ActiveCfg = Release|Any CPU
		{5414C5AF-3677-4979-B4F6-50002C2199DD}.Release|Any CPU.Build.0 = Release|Any CPU
		{DE39635E-4112-4DAE-8AC6-5BE61B1F772C}.Debug|Any CPU.ActiveCfg = Debug|Any CPU
		{DE39635E-4112-4DAE-8AC6-5BE61B1F772C}.Debug|Any CPU.Build.0 = Debug|Any CPU
		{DE39635E-4112-4DAE-8AC6-5BE61B1F772C}.Release|Any CPU.ActiveCfg = Release|Any CPU
		{DE39635E-4112-4DAE-8AC6-5BE61B1F772C}.Release|Any CPU.Build.0 = Release|Any CPU
		{57E8F33F-2164-465B-88EC-AEB014563F55}.Debug|Any CPU.ActiveCfg = Debug|Any CPU
		{57E8F33F-2164-465B-88EC-AEB014563F55}.Debug|Any CPU.Build.0 = Debug|Any CPU
		{57E8F33F-2164-465B-88EC-AEB014563F55}.Release|Any CPU.ActiveCfg = Release|Any CPU
		{57E8F33F-2164-465B-88EC-AEB014563F55}.Release|Any CPU.Build.0 = Release|Any CPU
		{23939D0B-C60E-456E-847D-D274A968AAC6}.Debug|Any CPU.ActiveCfg = Debug|Any CPU
		{23939D0B-C60E-456E-847D-D274A968AAC6}.Debug|Any CPU.Build.0 = Debug|Any CPU
		{23939D0B-C60E-456E-847D-D274A968AAC6}.Release|Any CPU.ActiveCfg = Release|Any CPU
		{23939D0B-C60E-456E-847D-D274A968AAC6}.Release|Any CPU.Build.0 = Release|Any CPU
		{1DF40EE2-7403-4C9F-976D-0A649FCA5278}.Debug|Any CPU.ActiveCfg = Debug|Any CPU
		{1DF40EE2-7403-4C9F-976D-0A649FCA5278}.Debug|Any CPU.Build.0 = Debug|Any CPU
		{1DF40EE2-7403-4C9F-976D-0A649FCA5278}.Release|Any CPU.ActiveCfg = Release|Any CPU
		{1DF40EE2-7403-4C9F-976D-0A649FCA5278}.Release|Any CPU.Build.0 = Release|Any CPU
	EndGlobalSection
	GlobalSection(SolutionProperties) = preSolution
		HideSolutionNode = FALSE
	EndGlobalSection
	GlobalSection(NestedProjects) = preSolution
		{440A1D08-0CD8-4E0C-A1C0-F343A33DDCC6} = {EFD56203-7F3B-4CD9-9CAD-C152D540A324}
		{57E8F33F-2164-465B-88EC-AEB014563F55} = {EFD56203-7F3B-4CD9-9CAD-C152D540A324}
		{23939D0B-C60E-456E-847D-D274A968AAC6} = {EFD56203-7F3B-4CD9-9CAD-C152D540A324}
		{5414C5AF-3677-4979-B4F6-50002C2199DD} = {440A1D08-0CD8-4E0C-A1C0-F343A33DDCC6}
		{DE39635E-4112-4DAE-8AC6-5BE61B1F772C} = {440A1D08-0CD8-4E0C-A1C0-F343A33DDCC6}
		{1DF40EE2-7403-4C9F-976D-0A649FCA5278} = {F516DB7F-A2E6-4C99-A14B-934710239A0E}
	EndGlobalSection
EndGlobal
